
Microsoft Visual Studio Solution File, Format Version 11.00
# Visual C# Express 2010
Project("{FAE04EC0-301F-11D3-BF4B-00C04F79EFBC}") = "DFConf", "DFConf\DFConf.csproj", "{7FD0768B-F6A4-422D-8DAC-A81727642484}"
EndProject
Global
	GlobalSection(SolutionConfigurationPlatforms) = preSolution
		Debug|x86 = Debug|x86
		Release|x86 = Release|x86
	EndGlobalSection
	GlobalSection(ProjectConfigurationPlatforms) = postSolution
		{7FD0768B-F6A4-422D-8DAC-A81727642484}.Debug|x86.ActiveCfg = Debug|x86
		{7FD0768B-F6A4-422D-8DAC-A81727642484}.Debug|x86.Build.0 = Debug|x86
		{7FD0768B-F6A4-422D-8DAC-A81727642484}.Release|x86.ActiveCfg = Release|x86
		{7FD0768B-F6A4-422D-8DAC-A81727642484}.Release|x86.Build.0 = Release|x86
	EndGlobalSection
	GlobalSection(SolutionProperties) = preSolution
		HideSolutionNode = FALSE
	EndGlobalSection
EndGlobal
